
Microsoft Visual Studio Solution File, Format Version 12.00
# Visual Studio Version 16
VisualStudioVersion = 16.0.29911.84
MinimumVisualStudioVersion = 10.0.40219.1
Project("{FAE04EC0-301F-11D3-BF4B-00C04F79EFBC}") = "FKServer", "FKServer\FKServer.csproj", "{115FC4E1-F9FA-4E4B-AAE9-2EBC8121D573}"
EndProject
Global
	GlobalSection(SolutionConfigurationPlatforms) = preSolution
		Debug|Any CPU = Debug|Any CPU
		Release|Any CPU = Release|Any CPU
	EndGlobalSection
	GlobalSection(ProjectConfigurationPlatforms) = postSolution
		{115FC4E1-F9FA-4E4B-AAE9-2EBC8121D573}.Debug|Any CPU.ActiveCfg = Debug|Any CPU
		{115FC4E1-F9FA-4E4B-AAE9-2EBC8121D573}.Debug|Any CPU.Build.0 = Debug|Any CPU
		{115FC4E1-F9FA-4E4B-AAE9-2EBC8121D573}.Release|Any CPU.ActiveCfg = Release|Any CPU
		{115FC4E1-F9FA-4E4B-AAE9-2EBC8121D573}.Release|Any CPU.Build.0 = Release|Any CPU
	EndGlobalSection
	GlobalSection(SolutionProperties) = preSolution
		HideSolutionNode = FALSE
	EndGlobalSection
	GlobalSection(ExtensibilityGlobals) = postSolution
		SolutionGuid = {7E4A16F9-DB2E-4859-9E24-F0B9B3A0D955}
	EndGlobalSection
EndGlobal
